github.com/PurpleSec/escape v1.0.0 h1:25crJCsGmePlY6sTggm+qTg0xABcb7A0nUFgNas+N+U=
github.com/PurpleSec/escape v1.0.0/go.mod h1:y7jqOGecytNh1ROko233Z91ER9NHNuepiLgZtkrDMME=
github.com/PurpleSec/logx v1.6.0 h1:Izt49BihGlDDPjWYccIbFTVoKfjS53Uv6hDvp9rd4bE=
github.com/PurpleSec/logx v1.6.0/go.mod h1:tkLK6CqkhkRSVejDMVgZa0jTq97aRikVNjAON9iUiK0=
github.com/PurpleSec/routex v1.2.0 h1:NqRz4tzWX/Sdp75PIQ8B79ww6Njuwj/P1lQApyrr/+E=
github.com/PurpleSec/routex v1.2.0/go.mod h1:YeeIVHnkAVY5iuyQfPh1HPczAs/tB1tC94ktzq66b9Y=
github.com/gorilla/websocket v1.5.0 h1:PPwGk2jz7EePpoHN/+ClbZu8SPxiqlu12wZP/3sWmnc=
github.com/gorilla/websocket v1.5.0/go.mod h1:YR8l580nyteQvAITg2hZ9XVh4b55+EU/adAjf1fMHhE=
github.com/iDigitalFlame/xmt v0.3.7 h1:HsOA1ejN3Tt39Tv5cboDe6NPWiT6tkP/1+IaZYbu9Cw=
github.com/iDigitalFlame/xmt v0.3.7/go.mod h1:0KFTJSF4500WIjELnySaPeOI/UBgFlWcFm97XABNzxM=
golang.org/x/sys v0.0.0-20220721230656-c6bc011c0c49 h1:TMjZDarEwf621XDryfitp/8awEhiZNiwgphKlTMGRIg=
golang.org/x/sys v0.0.0-20220721230656-c6bc011c0c49/go.mod h1:oPkhp1MJrh7nUepCBck5+mAzfO9JrbApNNgaTdGDITg=
