github.com/PurpleSec/escape v1.0.0 h1:25crJCsGmePlY6sTggm+qTg0xABcb7A0nUFgNas+N+U=
github.com/PurpleSec/escape v1.0.0/go.mod h1:y7jqOGecytNh1ROko233Z91ER9NHNuepiLgZtkrDMME=
github.com/PurpleSec/logx v1.6.0 h1:Izt49BihGlDDPjWYccIbFTVoKfjS53Uv6hDvp9rd4bE=
github.com/PurpleSec/logx v1.6.0/go.mod h1:tkLK6CqkhkRSVejDMVgZa0jTq97aRikVNjAON9iUiK0=
github.com/PurpleSec/logx v1.6.1 h1:0MCHXb1N9RREkg6FAQB624bkzzl/irlVcVV5DVMRAgo=
github.com/PurpleSec/logx v1.6.1/go.mod h1:tkLK6CqkhkRSVejDMVgZa0jTq97aRikVNjAON9iUiK0=
github.com/PurpleSec/routex v1.2.0 h1:NqRz4tzWX/Sdp75PIQ8B79ww6Njuwj/P1lQApyrr/+E=
github.com/PurpleSec/routex v1.2.0/go.mod h1:YeeIVHnkAVY5iuyQfPh1HPczAs/tB1tC94ktzq66b9Y=
github.com/PurpleSec/routex v1.2.1 h1:qVoN7dtEd0221ELxRhPqmnmOhuu2hCJ1pefEOSuAxog=
github.com/PurpleSec/routex v1.2.1/go.mod h1:YeeIVHnkAVY5iuyQfPh1HPczAs/tB1tC94ktzq66b9Y=
github.com/PurpleSec/routex v1.2.2 h1:PifjGrNmqhHb3wwUvLC4/vfZjH7hljoKaiAEZlr5OXY=
github.com/PurpleSec/routex v1.2.2/go.mod h1:YeeIVHnkAVY5iuyQfPh1HPczAs/tB1tC94ktzq66b9Y=
github.com/PurpleSec/routex v1.2.3 h1:qh3gojGoqsLAiczc1cjNsGVRXhekwbkmDF4yhjHZMQI=
github.com/PurpleSec/routex v1.2.3/go.mod h1:YeeIVHnkAVY5iuyQfPh1HPczAs/tB1tC94ktzq66b9Y=
github.com/PurpleSec/routex v1.2.4 h1:CloWj/UNDCW/mYTfC3sCAVy3CFz0+ObiSqh1domciZE=
github.com/PurpleSec/routex v1.2.4/go.mod h1:YeeIVHnkAVY5iuyQfPh1HPczAs/tB1tC94ktzq66b9Y=
github.com/PurpleSec/routex v1.2.5 h1:on7pdRBHLYDbO26Rxfa6zGKrkcLsvE/krITSUQ2olFQ=
github.com/PurpleSec/routex v1.2.5/go.mod h1:YeeIVHnkAVY5iuyQfPh1HPczAs/tB1tC94ktzq66b9Y=
github.com/gorilla/websocket v1.5.0 h1:PPwGk2jz7EePpoHN/+ClbZu8SPxiqlu12wZP/3sWmnc=
github.com/gorilla/websocket v1.5.0/go.mod h1:YR8l580nyteQvAITg2hZ9XVh4b55+EU/adAjf1fMHhE=
github.com/iDigitalFlame/xmt v0.4.0-b4 h1:YKGPJ7W69JorZoJNbSH3Zvt++YMHWKptIJJiPo3NcUY=
github.com/iDigitalFlame/xmt v0.4.0-b4/go.mod h1:7j9sZ/h9rcB7hoCqHhPYGwv5sRJYlYDV30660eFGoKk=
github.com/iDigitalFlame/xmt v0.4.0 h1:7Y8oV9g0slenNzfKO+C4plmak3ctmwATGPQ4HT+Z1yM=
github.com/iDigitalFlame/xmt v0.4.0/go.mod h1:7j9sZ/h9rcB7hoCqHhPYGwv5sRJYlYDV30660eFGoKk=
github.com/iDigitalFlame/xmt v0.4.1 h1:ExPrHO1p2uTOvdlgDFvYloARl9Hlw1r5d412dLv2ij8=
github.com/iDigitalFlame/xmt v0.4.1/go.mod h1:7j9sZ/h9rcB7hoCqHhPYGwv5sRJYlYDV30660eFGoKk=
github.com/iDigitalFlame/xmt v0.4.4 h1:HJSoK/WSBG+5TKhxow4H8KFGM7hYlIyx3WPxYwamoRA=
github.com/iDigitalFlame/xmt v0.4.4/go.mod h1:UZYj/8DxglFcZvsnPtaqyL9qByK91crfTtlCw3kAiu8=
github.com/iDigitalFlame/xmt v0.4.5 h1:Ez9FyoilSKT7ocpPsCdPvEmk+BBZG6WAE/5Mck9c5iA=
github.com/iDigitalFlame/xmt v0.4.5/go.mod h1:1D/w3Kp/VkMSa5aqwRz2Y2XoQVMGnrNIUeQKxmt7OnU=
golang.org/x/sys v0.0.0-20220823224334-20c2bfdbfe24 h1:TyKJRhyo17yWxOMCTHKWrc5rddHORMlnZ/j57umaUd8=
golang.org/x/sys v0.0.0-20220823224334-20c2bfdbfe24/go.mod h1:oPkhp1MJrh7nUepCBck5+mAzfO9JrbApNNgaTdGDITg=
golang.org/x/sys v0.0.0-20220825204002-c680a09ffe64 h1:UiNENfZ8gDvpiWw7IpOMQ27spWmThO1RwwdQVbJahJM=
golang.org/x/sys v0.0.0-20220825204002-c680a09ffe64/go.mod h1:oPkhp1MJrh7nUepCBck5+mAzfO9JrbApNNgaTdGDITg=
golang.org/x/sys v0.0.0-20220913175220-63ea55921009 h1:PuvuRMeLWqsf/ZdT1UUZz0syhioyv1mzuFZsXs4fvhw=
golang.org/x/sys v0.0.0-20220913175220-63ea55921009/go.mod h1:oPkhp1MJrh7nUepCBck5+mAzfO9JrbApNNgaTdGDITg=
golang.org/x/sys v0.0.0-20221010170243-090e33056c14 h1:k5II8e6QD8mITdi+okbbmR/cIyEbeXLBhy5Ha4nevyc=
golang.org/x/sys v0.0.0-20221010170243-090e33056c14/go.mod h1:oPkhp1MJrh7nUepCBck5+mAzfO9JrbApNNgaTdGDITg=
golang.org/x/sys v0.0.0-20221013171732-95e765b1cc43 h1:OK7RB6t2WQX54srQQYSXMW8dF5C6/8+oA/s5QBmmto4=
golang.org/x/sys v0.0.0-20221013171732-95e765b1cc43/go.mod h1:oPkhp1MJrh7nUepCBck5+mAzfO9JrbApNNgaTdGDITg=
golang.org/x/sys v0.2.0 h1:ljd4t30dBnAvMZaQCevtY0xLLD0A+bRZXbgLMLU1F/A=
golang.org/x/sys v0.2.0/go.mod h1:oPkhp1MJrh7nUepCBck5+mAzfO9JrbApNNgaTdGDITg=
golang.org/x/sys v0.3.0 h1:w8ZOecv6NaNa/zC8944JTU3vz4u6Lagfk4RPQxv92NQ=
golang.org/x/sys v0.3.0/go.mod h1:oPkhp1MJrh7nUepCBck5+mAzfO9JrbApNNgaTdGDITg=
